
Microsoft Visual Studio Solution File, Format Version 12.00
# Visual Studio Version 16
VisualStudioVersion = 16.0.30711.63
MinimumVisualStudioVersion = 10.0.40219.1
Project("{E24C65DC-7377-472B-9ABA-BC803B73C61A}") = "test", "http://localhost:65422", "{D50B42D3-F2F8-4F67-A796-7A57EC383AE2}"
	ProjectSection(WebsiteProperties) = preProject
		UseIISExpress = "true"
		TargetFrameworkMoniker = ".NETFramework,Version%3Dv4.0"
		Debug.AspNetCompiler.VirtualPath = "/localhost_65422"
		Debug.AspNetCompiler.PhysicalPath = "..\test\"
		Debug.AspNetCompiler.TargetPath = "PrecompiledWeb\localhost_65422\"
		Debug.AspNetCompiler.Updateable = "true"
		Debug.AspNetCompiler.ForceOverwrite = "true"
		Debug.AspNetCompiler.FixedNames = "false"
		Debug.AspNetCompiler.Debug = "True"
		Release.AspNetCompiler.VirtualPath = "/localhost_65422"
		Release.AspNetCompiler.PhysicalPath = "..\test\"
		Release.AspNetCompiler.TargetPath = "PrecompiledWeb\localhost_65422\"
		Release.AspNetCompiler.Updateable = "true"
		Release.AspNetCompiler.ForceOverwrite = "true"
		Release.AspNetCompiler.FixedNames = "false"
		Release.AspNetCompiler.Debug = "False"
		SlnRelativePath = "..\test\"
	EndProjectSection
EndProject
Global
	GlobalSection(SolutionConfigurationPlatforms) = preSolution
		Debug|Any CPU = Debug|Any CPU
	EndGlobalSection
	GlobalSection(ProjectConfigurationPlatforms) = postSolution
		{D50B42D3-F2F8-4F67-A796-7A57EC383AE2}.Debug|Any CPU.ActiveCfg = Debug|Any CPU
		{D50B42D3-F2F8-4F67-A796-7A57EC383AE2}.Debug|Any CPU.Build.0 = Debug|Any CPU
	EndGlobalSection
	GlobalSection(SolutionProperties) = preSolution
		HideSolutionNode = FALSE
	EndGlobalSection
	GlobalSection(ExtensibilityGlobals) = postSolution
		SolutionGuid = {6741ED19-4946-47C1-A3AF-F25C3ABDD0C6}
	EndGlobalSection
EndGlobal
